lockfileVersion: 5.4

specifiers:
  md5: ^2.3.0

dependencies:
  md5: registry.npmmirror.com/md5/2.3.0

packages:

  registry.npmmirror.com/charenc/0.0.2:
    resolution: {integrity: sha512-yrLQ/yVUFXkzg7EDQsPieE/53+0RlaWTs+wBrvW36cyilJ2SaDWfl4Yj7MtLTXleV9uEKefbAGUPv2/iWSooRA==, registry: https://registry.npm.taobao.org/, tarball: https://registry.npmmirror.com/charenc/-/charenc-0.0.2.tgz}
    name: charenc
    version: 0.0.2
    dev: false

  registry.npmmirror.com/crypt/0.0.2:
    resolution: {integrity: sha512-mCxBlsHFYh9C+HVpiEacem8FEBnMXgU9gy4zmNC+SXAZNB/1idgp/aulFJ4FgCi7GPEVbfyng092GqL2k2rmow==, registry: https://registry.npm.taobao.org/, tarball: https://registry.npmmirror.com/crypt/-/crypt-0.0.2.tgz}
    name: crypt
    version: 0.0.2
    dev: false

  registry.npmmirror.com/is-buffer/1.1.6:
    resolution: {integrity: sha512-NcdALwpXkTm5Zvvbk7owOUSvVvBKDgKP5/ewfXEznmQFfs4ZRmanOeKBTjRVjka3QFoN6XJ+9F3USqfHqTaU5w==, registry: https://registry.npm.taobao.org/, tarball: https://registry.npmmirror.com/is-buffer/-/is-buffer-1.1.6.tgz}
    name: is-buffer
    version: 1.1.6
    dev: false

  registry.npmmirror.com/md5/2.3.0:
    resolution: {integrity: sha512-T1GITYmFaKuO91vxyoQMFETst+O71VUPEU3ze5GNzDm0OWdP8v1ziTaAEPUr/3kLsY3Sftgz242A1SetQiDL7g==, registry: https://registry.npm.taobao.org/, tarball: https://registry.npmmirror.com/md5/-/md5-2.3.0.tgz}
    name: md5
    version: 2.3.0
    dependencies:
      charenc: registry.npmmirror.com/charenc/0.0.2
      crypt: registry.npmmirror.com/crypt/0.0.2
      is-buffer: registry.npmmirror.com/is-buffer/1.1.6
    dev: false
